
Microsoft Visual Studio Solution File, Format Version 12.00
# Visual Studio Version 17
VisualStudioVersion = 17.10.34928.147
MinimumVisualStudioVersion = 10.0.40219.1
Project("{FAE04EC0-301F-11D3-BF4B-00C04F79EFBC}") = "JustARobot", "..\JustARobot\JustARobot.csproj", "{B21C227E-CEDF-40AA-A440-94AD252BD98B}"
EndProject
Project("{FAE04EC0-301F-11D3-BF4B-00C04F79EFBC}") = "TemplateRobot", "..\TemplateRobot\TemplateRobot.csproj", "{3B3791D1-5048-407B-9F5D-2D02B3EB3349}"
EndProject
Global
	GlobalSection(SolutionConfigurationPlatforms) = preSolution
		Debug|Any CPU = Debug|Any CPU
		Release|Any CPU = Release|Any CPU
	EndGlobalSection
	GlobalSection(ProjectConfigurationPlatforms) = postSolution
		{B21C227E-CEDF-40AA-A440-94AD252BD98B}.Debug|Any CPU.ActiveCfg = Debug|Any CPU
		{B21C227E-CEDF-40AA-A440-94AD252BD98B}.Debug|Any CPU.Build.0 = Debug|Any CPU
		{B21C227E-CEDF-40AA-A440-94AD252BD98B}.Release|Any CPU.ActiveCfg = Release|Any CPU
		{B21C227E-CEDF-40AA-A440-94AD252BD98B}.Release|Any CPU.Build.0 = Release|Any CPU
		{3B3791D1-5048-407B-9F5D-2D02B3EB3349}.Debug|Any CPU.ActiveCfg = Debug|Any CPU
		{3B3791D1-5048-407B-9F5D-2D02B3EB3349}.Debug|Any CPU.Build.0 = Debug|Any CPU
		{3B3791D1-5048-407B-9F5D-2D02B3EB3349}.Release|Any CPU.ActiveCfg = Release|Any CPU
		{3B3791D1-5048-407B-9F5D-2D02B3EB3349}.Release|Any CPU.Build.0 = Release|Any CPU
	EndGlobalSection
	GlobalSection(SolutionProperties) = preSolution
		HideSolutionNode = FALSE
	EndGlobalSection
	GlobalSection(ExtensibilityGlobals) = postSolution
		SolutionGuid = {DC756CEA-49B6-4D61-8C5D-6FDC49283900}
	EndGlobalSection
EndGlobal
